PODS:
  - BEMCheckBox (1.4.1)
  - mongo-embedded-c-driver (1.13.0-4.0.4)
  - mongo_embedded (4.0.4)
  - mongoc_embedded (4.0.4):
    - mongo-embedded-c-driver (~> 1.13.0-4.0.4)
    - mongo_embedded (~> 4.0.4)
  - MongoMobile (0.0.5):
    - mongo_embedded (~> 4.0.4)
    - mongoc_embedded (~> 4.0.4)
    - MongoSwift (~> 0.0.7)
  - MongoSwift (0.0.7):
    - mongo-embedded-c-driver (~> 1.13.0-4.0.0)
  - StitchCore (5.0.0-alpha.1):
    - StitchCoreSDK (= 5.0.0-alpha.1)
  - StitchCoreLocalMongoDBService (5.0.0-alpha.1):
    - MongoMobile (= 0.0.5)
    - StitchCoreSDK (= 5.0.0-alpha.1)
  - StitchCoreRemoteMongoDBService (5.0.0-alpha.1):
    - StitchCoreLocalMongoDBService (= 5.0.0-alpha.1)
    - StitchCoreSDK (= 5.0.0-alpha.1)
  - StitchCoreSDK (5.0.0-alpha.1):
    - MongoSwift (= 0.0.7)
  - StitchRemoteMongoDBService (5.0.0-alpha.1):
    - StitchCore (= 5.0.0-alpha.1)
    - StitchCoreRemoteMongoDBService (= 5.0.0-alpha.1)
  - Toast-Swift (4.0.1)

DEPENDENCIES:
  - BEMCheckBox
  - StitchCore (~> 5.0.0-alpha.1)
  - StitchCoreRemoteMongoDBService (~> 5.0.0-alpha.1)
  - StitchRemoteMongoDBService (~> 5.0.0-alpha.1)
  - Toast-Swift (~> 4.0.0)

SPEC REPOS:
  https://github.com/cocoapods/specs.git:
    - BEMCheckBox
    - mongo-embedded-c-driver
    - mongo_embedded
    - mongoc_embedded
    - MongoMobile
    - MongoSwift
    - StitchCore
    - StitchCoreLocalMongoDBService
    - StitchCoreRemoteMongoDBService
    - StitchCoreSDK
    - StitchRemoteMongoDBService
    - Toast-Swift

SPEC CHECKSUMS:
  BEMCheckBox: 5ba6e37ade3d3657b36caecc35c8b75c6c2b1a4e
  mongo-embedded-c-driver: b46360baa15fc142baae80628822f26663220bde
  mongo_embedded: e413134eb6b60544e7278add03007f8fe384a00c
  mongoc_embedded: 41aadbb756b07070d6f0471192a84750cb42c580
  MongoMobile: 2fc916b194dc19b9a6b8d948d42441b0b37812e7
  MongoSwift: de22baca5a59aef44de44e07ee9adb8c4f59c5ee
  StitchCore: b43a5b2fc7f606f4c0dac847e7a287e3cd56e508
  StitchCoreLocalMongoDBService: 34aff22de56c7bf18dbd01fe4909c135cf41176b
  StitchCoreRemoteMongoDBService: 1e447d32fa9b55ef1d892e5ad8740ab067d2e0b1
  StitchCoreSDK: 6105b69f51f306324302e38e2bc951860b31efa7
  StitchRemoteMongoDBService: b5e2c1e28c470aa5221d54b673dd0f80e767308d
  Toast-Swift: e42a638589a2f95036b4bb7626cfbdde7daf0393

PODFILE CHECKSUM: 4e99225b5a52adff7f6e789254f4037e7574c515

COCOAPODS: 1.6.0.beta.2
