// !$*UTF8*$!
{
	archiveVersion = 1;
	classes = {
	};
	objectVersion = 46;
	objects = {

/* Begin PBXBuildFile section */
		360EAC921EB012450014A7E3 /* Stitch-Info.plist in Resources */ = {isa = PBXBuildFile; fileRef = 360EAC911EB012450014A7E3 /* Stitch-Info.plist */; };
		3661C1831E6E09310081530D /* CheckBox.swift in Sources */ = {isa = PBXBuildFile; fileRef = 3661C1821E6E09310081530D /* CheckBox.swift */; };
		367E0C741E4429BA00EE2C00 /* LaunchScreen.storyboard in Resources */ = {isa = PBXBuildFile; fileRef = 367E0C701E4429BA00EE2C00 /* LaunchScreen.storyboard */; };
		367E0C751E4429BA00EE2C00 /* Main.storyboard in Resources */ = {isa = PBXBuildFile; fileRef = 367E0C721E4429BA00EE2C00 /* Main.storyboard */; };
		367E0C781E4429C700EE2C00 /* Assets.xcassets in Resources */ = {isa = PBXBuildFile; fileRef = 367E0C761E4429C700EE2C00 /* Assets.xcassets */; };
		367E0C971E45D43B00EE2C00 /* AppDelegate.swift in Sources */ = {isa = PBXBuildFile; fileRef = 367E0C961E45D43B00EE2C00 /* AppDelegate.swift */; };
		369D1E481E6AF62B00ADE4DB /* AuthenticationViewController.swift in Sources */ = {isa = PBXBuildFile; fileRef = 369D1E471E6AF62B00ADE4DB /* AuthenticationViewController.swift */; };
		369D1E4C1E6AF64D00ADE4DB /* TodoListViewController.swift in Sources */ = {isa = PBXBuildFile; fileRef = 369D1E491E6AF64D00ADE4DB /* TodoListViewController.swift */; };
		369D1E4D1E6AF64D00ADE4DB /* TodoItem.swift in Sources */ = {isa = PBXBuildFile; fileRef = 369D1E4A1E6AF64D00ADE4DB /* TodoItem.swift */; };
		369D1E4E1E6AF64D00ADE4DB /* TodoItemTableViewCell.swift in Sources */ = {isa = PBXBuildFile; fileRef = 369D1E4B1E6AF64D00ADE4DB /* TodoItemTableViewCell.swift */; };
		36B1D4931EE36F88006B15B7 /* EmailAuthViewController.swift in Sources */ = {isa = PBXBuildFile; fileRef = 36B1D4921EE36F88006B15B7 /* EmailAuthViewController.swift */; };
		5A16D8552E2489B0685A97BF /* Pods_MongoDBSample.framework in Frameworks */ = {isa = PBXBuildFile; fileRef = AEF5EA40BDB6BD11C6B865E0 /* Pods_MongoDBSample.framework */; };
/* End PBXBuildFile section */

/* Begin PBXCopyFilesBuildPhase section */
		36D649781ECA0B7000ECC1F8 /* Embed Frameworks */ = {
			isa = PBXCopyFilesBuildPhase;
			buildActionMask = 2147483647;
			dstPath = "";
			dstSubfolderSpec = 10;
			files = (
			);
			name = "Embed Frameworks";
			runOnlyForDeploymentPostprocessing = 0;
		};
/* End PBXCopyFilesBuildPhase section */

/* Begin PBXFileReference section */
		28C33C2ABF9BE58E6A60CA80 /* Pods-MongoDBSample.release.xcconfig */ = {isa = PBXFileReference; includeInIndex = 1; lastKnownFileType = text.xcconfig; name = "Pods-MongoDBSample.release.xcconfig"; path = "Pods/Target Support Files/Pods-MongoDBSample/Pods-MongoDBSample.release.xcconfig"; sourceTree = "<group>"; };
		360EAC911EB012450014A7E3 /* Stitch-Info.plist */ = {isa = PBXFileReference; fileEncoding = 4; lastKnownFileType = text.plist.xml; path = "Stitch-Info.plist"; sourceTree = "<group>"; };
		3661C1821E6E09310081530D /* CheckBox.swift */ = {isa = PBXFileReference; fileEncoding = 4; lastKnownFileType = sourcecode.swift; name = CheckBox.swift; path = MongoDBSample/Classes/Controllers/TodoList/CheckBox.swift; sourceTree = SOURCE_ROOT; };
		367E0C521E4428BE00EE2C00 /* MongoDBSample.app */ = {isa = PBXFileReference; explicitFileType = wrapper.application; includeInIndex = 0; path = MongoDBSample.app; sourceTree = BUILT_PRODUCTS_DIR; };
		367E0C711E4429BA00EE2C00 /* Base */ = {isa = PBXFileReference; lastKnownFileType = file.storyboard; name = Base; path = Base.lproj/LaunchScreen.storyboard; sourceTree = "<group>"; };
		367E0C731E4429BA00EE2C00 /* Base */ = {isa = PBXFileReference; lastKnownFileType = file.storyboard; name = Base; path = Base.lproj/Main.storyboard; sourceTree = "<group>"; };
		367E0C761E4429C700EE2C00 /* Assets.xcassets */ = {isa = PBXFileReference; lastKnownFileType = folder.assetcatalog; path = Assets.xcassets; sourceTree = "<group>"; };
		367E0C771E4429C700EE2C00 /* Info.plist */ = {isa = PBXFileReference; fileEncoding = 4; lastKnownFileType = text.plist.xml; path = Info.plist; sourceTree = "<group>"; };
		367E0C961E45D43B00EE2C00 /* AppDelegate.swift */ = {isa = PBXFileReference; fileEncoding = 4; lastKnownFileType = sourcecode.swift; path = AppDelegate.swift; sourceTree = "<group>"; };
		369D1E471E6AF62B00ADE4DB /* AuthenticationViewController.swift */ = {isa = PBXFileReference; fileEncoding = 4; lastKnownFileType = sourcecode.swift; path = AuthenticationViewController.swift; sourceTree = "<group>"; };
		369D1E491E6AF64D00ADE4DB /* TodoListViewController.swift */ = {isa = PBXFileReference; fileEncoding = 4; lastKnownFileType = sourcecode.swift; name = TodoListViewController.swift; path = MongoDBSample/Classes/Controllers/TodoList/TodoListViewController.swift; sourceTree = SOURCE_ROOT; };
		369D1E4A1E6AF64D00ADE4DB /* TodoItem.swift */ = {isa = PBXFileReference; fileEncoding = 4; lastKnownFileType = sourcecode.swift; name = TodoItem.swift; path = MongoDBSample/Classes/Controllers/TodoList/TodoItem.swift; sourceTree = SOURCE_ROOT; };
		369D1E4B1E6AF64D00ADE4DB /* TodoItemTableViewCell.swift */ = {isa = PBXFileReference; fileEncoding = 4; lastKnownFileType = sourcecode.swift; name = TodoItemTableViewCell.swift; path = MongoDBSample/Classes/Controllers/TodoList/TodoItemTableViewCell.swift; sourceTree = SOURCE_ROOT; };
		36B1D4921EE36F88006B15B7 /* EmailAuthViewController.swift */ = {isa = PBXFileReference; fileEncoding = 4; lastKnownFileType = sourcecode.swift; path = EmailAuthViewController.swift; sourceTree = "<group>"; };
		45713EA09324062197D8A670 /* Pods-MongoDBSample.debug.xcconfig */ = {isa = PBXFileReference; includeInIndex = 1; lastKnownFileType = text.xcconfig; name = "Pods-MongoDBSample.debug.xcconfig"; path = "Pods/Target Support Files/Pods-MongoDBSample/Pods-MongoDBSample.debug.xcconfig"; sourceTree = "<group>"; };
		AEF5EA40BDB6BD11C6B865E0 /* Pods_MongoDBSample.framework */ = {isa = PBXFileReference; explicitFileType = wrapper.framework; includeInIndex = 0; path = Pods_MongoDBSample.framework; sourceTree = BUILT_PRODUCTS_DIR; };
/* End PBXFileReference section */

/* Begin PBXFrameworksBuildPhase section */
		367E0C4F1E4428BE00EE2C00 /* Frameworks */ = {
			isa = PBXFrameworksBuildPhase;
			buildActionMask = 2147483647;
			files = (
				5A16D8552E2489B0685A97BF /* Pods_MongoDBSample.framework in Frameworks */,
			);
			runOnlyForDeploymentPostprocessing = 0;
		};
/* End PBXFrameworksBuildPhase section */

/* Begin PBXGroup section */
		367E0C491E4428BE00EE2C00 = {
			isa = PBXGroup;
			children = (
				367E0C541E4428BE00EE2C00 /* MongoDBSample */,
				367E0C531E4428BE00EE2C00 /* Products */,
				52E58D9E87FB3468EEA8EC5B /* Pods */,
				92273AC6F5ECAA8120F3435A /* Frameworks */,
			);
			sourceTree = "<group>";
		};
		367E0C531E4428BE00EE2C00 /* Products */ = {
			isa = PBXGroup;
			children = (
				367E0C521E4428BE00EE2C00 /* MongoDBSample.app */,
			);
			name = Products;
			sourceTree = "<group>";
		};
		367E0C541E4428BE00EE2C00 /* MongoDBSample */ = {
			isa = PBXGroup;
			children = (
				367E0C7A1E442BCC00EE2C00 /* Classes */,
				367E0C671E44294F00EE2C00 /* Resources */,
			);
			path = MongoDBSample;
			sourceTree = "<group>";
		};
		367E0C671E44294F00EE2C00 /* Resources */ = {
			isa = PBXGroup;
			children = (
				367E0C761E4429C700EE2C00 /* Assets.xcassets */,
				367E0C771E4429C700EE2C00 /* Info.plist */,
				360EAC911EB012450014A7E3 /* Stitch-Info.plist */,
				367E0C681E44298900EE2C00 /* Storyboards */,
			);
			path = Resources;
			sourceTree = "<group>";
		};
		367E0C681E44298900EE2C00 /* Storyboards */ = {
			isa = PBXGroup;
			children = (
				367E0C701E4429BA00EE2C00 /* LaunchScreen.storyboard */,
				367E0C721E4429BA00EE2C00 /* Main.storyboard */,
			);
			path = Storyboards;
			sourceTree = "<group>";
		};
		367E0C7A1E442BCC00EE2C00 /* Classes */ = {
			isa = PBXGroup;
			children = (
				367E0C931E45D40300EE2C00 /* AppDelegate */,
				367E0CA31E45E4D000EE2C00 /* BridgingHeader */,
				367E0C941E45D40300EE2C00 /* Controllers */,
			);
			path = Classes;
			sourceTree = "<group>";
		};
		367E0C931E45D40300EE2C00 /* AppDelegate */ = {
			isa = PBXGroup;
			children = (
				367E0C961E45D43B00EE2C00 /* AppDelegate.swift */,
			);
			path = AppDelegate;
			sourceTree = "<group>";
		};
		367E0C941E45D40300EE2C00 /* Controllers */ = {
			isa = PBXGroup;
			children = (
				369D1E461E6AF5EE00ADE4DB /* Authentication */,
				369D1E381E6AF1C100ADE4DB /* TodoList */,
			);
			path = Controllers;
			sourceTree = "<group>";
		};
		367E0CA31E45E4D000EE2C00 /* BridgingHeader */ = {
			isa = PBXGroup;
			children = (
			);
			path = BridgingHeader;
			sourceTree = "<group>";
		};
		369D1E381E6AF1C100ADE4DB /* TodoList */ = {
			isa = PBXGroup;
			children = (
				369D1E491E6AF64D00ADE4DB /* TodoListViewController.swift */,
				369D1E4A1E6AF64D00ADE4DB /* TodoItem.swift */,
				369D1E4B1E6AF64D00ADE4DB /* TodoItemTableViewCell.swift */,
				3661C1821E6E09310081530D /* CheckBox.swift */,
			);
			name = TodoList;
			path = TodoListViewController;
			sourceTree = "<group>";
		};
		369D1E461E6AF5EE00ADE4DB /* Authentication */ = {
			isa = PBXGroup;
			children = (
				369D1E471E6AF62B00ADE4DB /* AuthenticationViewController.swift */,
				36B1D4921EE36F88006B15B7 /* EmailAuthViewController.swift */,
			);
			path = Authentication;
			sourceTree = "<group>";
		};
		52E58D9E87FB3468EEA8EC5B /* Pods */ = {
			isa = PBXGroup;
			children = (
				45713EA09324062197D8A670 /* Pods-MongoDBSample.debug.xcconfig */,
				28C33C2ABF9BE58E6A60CA80 /* Pods-MongoDBSample.release.xcconfig */,
			);
			name = Pods;
			sourceTree = "<group>";
		};
		92273AC6F5ECAA8120F3435A /* Frameworks */ = {
			isa = PBXGroup;
			children = (
				AEF5EA40BDB6BD11C6B865E0 /* Pods_MongoDBSample.framework */,
			);
			name = Frameworks;
			sourceTree = "<group>";
		};
/* End PBXGroup section */

/* Begin PBXNativeTarget section */
		367E0C511E4428BE00EE2C00 /* MongoDBSample */ = {
			isa = PBXNativeTarget;
			buildConfigurationList = 367E0C641E4428BE00EE2C00 /* Build configuration list for PBXNativeTarget "MongoDBSample" */;
			buildPhases = (
				899CE9F9139C6F9B371F4145 /* [CP] Check Pods Manifest.lock */,
				367E0C4E1E4428BE00EE2C00 /* Sources */,
				367E0C4F1E4428BE00EE2C00 /* Frameworks */,
				367E0C501E4428BE00EE2C00 /* Resources */,
				36D649781ECA0B7000ECC1F8 /* Embed Frameworks */,
				6CB51E5C76B56308AC894B01 /* [CP] Embed Pods Frameworks */,
				C50E9F84BC26EB3AC1AEABAB /* [CP] Copy Pods Resources */,
			);
			buildRules = (
			);
			dependencies = (
			);
			name = MongoDBSample;
			productName = MongoDBSample;
			productReference = 367E0C521E4428BE00EE2C00 /* MongoDBSample.app */;
			productType = "com.apple.product-type.application";
		};
/* End PBXNativeTarget section */

/* Begin PBXProject section */
		367E0C4A1E4428BE00EE2C00 /* Project object */ = {
			isa = PBXProject;
			attributes = {
				LastSwiftUpdateCheck = 0820;
				LastUpgradeCheck = 0820;
				ORGANIZATIONNAME = Zemingo;
				TargetAttributes = {
					367E0C511E4428BE00EE2C00 = {
						CreatedOnToolsVersion = 8.2.1;
						DevelopmentTeam = KKJ5R7PP2E;
						LastSwiftMigration = 0820;
						ProvisioningStyle = Manual;
					};
				};
			};
			buildConfigurationList = 367E0C4D1E4428BE00EE2C00 /* Build configuration list for PBXProject "MongoDBSample" */;
			compatibilityVersion = "Xcode 3.2";
			developmentRegion = English;
			hasScannedForEncodings = 0;
			knownRegions = (
				en,
				Base,
			);
			mainGroup = 367E0C491E4428BE00EE2C00;
			productRefGroup = 367E0C531E4428BE00EE2C00 /* Products */;
			projectDirPath = "";
			projectRoot = "";
			targets = (
				367E0C511E4428BE00EE2C00 /* MongoDBSample */,
			);
		};
/* End PBXProject section */

/* Begin PBXResourcesBuildPhase section */
		367E0C501E4428BE00EE2C00 /* Resources */ = {
			isa = PBXResourcesBuildPhase;
			buildActionMask = 2147483647;
			files = (
				367E0C741E4429BA00EE2C00 /* LaunchScreen.storyboard in Resources */,
				360EAC921EB012450014A7E3 /* Stitch-Info.plist in Resources */,
				367E0C781E4429C700EE2C00 /* Assets.xcassets in Resources */,
				367E0C751E4429BA00EE2C00 /* Main.storyboard in Resources */,
			);
			runOnlyForDeploymentPostprocessing = 0;
		};
/* End PBXResourcesBuildPhase section */

/* Begin PBXShellScriptBuildPhase section */
		6CB51E5C76B56308AC894B01 /* [CP] Embed Pods Frameworks */ = {
			isa = PBXShellScriptBuildPhase;
			buildActionMask = 2147483647;
			files = (
			);
			inputPaths = (
				"${SRCROOT}/Pods/Target Support Files/Pods-MongoDBSample/Pods-MongoDBSample-frameworks.sh",
				"${BUILT_PRODUCTS_DIR}/Bolts/Bolts.framework",
				"${BUILT_PRODUCTS_DIR}/FBSDKCoreKit/FBSDKCoreKit.framework",
				"${BUILT_PRODUCTS_DIR}/FBSDKLoginKit/FBSDKLoginKit.framework",
				"${BUILT_PRODUCTS_DIR}/FacebookCore/FacebookCore.framework",
				"${BUILT_PRODUCTS_DIR}/FacebookLogin/FacebookLogin.framework",
				"${BUILT_PRODUCTS_DIR}/GTMOAuth2/GTMOAuth2.framework",
				"${BUILT_PRODUCTS_DIR}/GTMSessionFetcher/GTMSessionFetcher.framework",
				"${BUILT_PRODUCTS_DIR}/GoogleToolboxForMac/GoogleToolboxForMac.framework",
				"${PODS_ROOT}/MongoSwiftMobile/vendor/MobileSDKs/iphoneos/lib/libmongoc-1.0.dylib",
				"${PODS_ROOT}/MongoSwiftMobile/vendor/MobileSDKs/iphoneos/lib/libmongoc-1.0.0.dylib",
				"${PODS_ROOT}/MongoSwiftMobile/vendor/MobileSDKs/iphoneos/lib/libbson-1.0.dylib",
				"${PODS_ROOT}/MongoSwiftMobile/vendor/MobileSDKs/iphoneos/lib/libbson-1.0.0.dylib",
				"${BUILT_PRODUCTS_DIR}/MongoSwiftMobile/MongoSwiftMobile.framework",
				"${BUILT_PRODUCTS_DIR}/StitchCore/StitchCore.framework",
				"${BUILT_PRODUCTS_DIR}/StitchCoreRemoteMongoDBService/StitchCoreRemoteMongoDBService.framework",
				"${BUILT_PRODUCTS_DIR}/StitchCoreSDK/StitchCoreSDK.framework",
				"${BUILT_PRODUCTS_DIR}/StitchRemoteMongoDBService/StitchRemoteMongoDBService.framework",
				"${BUILT_PRODUCTS_DIR}/nanopb/nanopb.framework",
			);
			name = "[CP] Embed Pods Frameworks";
			outputPaths = (
				"${TARGET_BUILD_DIR}/${FRAMEWORKS_FOLDER_PATH}/Bolts.framework",
				"${TARGET_BUILD_DIR}/${FRAMEWORKS_FOLDER_PATH}/FBSDKCoreKit.framework",
				"${TARGET_BUILD_DIR}/${FRAMEWORKS_FOLDER_PATH}/FBSDKLoginKit.framework",
				"${TARGET_BUILD_DIR}/${FRAMEWORKS_FOLDER_PATH}/FacebookCore.framework",
				"${TARGET_BUILD_DIR}/${FRAMEWORKS_FOLDER_PATH}/FacebookLogin.framework",
				"${TARGET_BUILD_DIR}/${FRAMEWORKS_FOLDER_PATH}/GTMOAuth2.framework",
				"${TARGET_BUILD_DIR}/${FRAMEWORKS_FOLDER_PATH}/GTMSessionFetcher.framework",
				"${TARGET_BUILD_DIR}/${FRAMEWORKS_FOLDER_PATH}/GoogleToolboxForMac.framework",
				"${TARGET_BUILD_DIR}/${FRAMEWORKS_FOLDER_PATH}/libmongoc-1.0.dylib",
				"${TARGET_BUILD_DIR}/${FRAMEWORKS_FOLDER_PATH}/libmongoc-1.0.0.dylib",
				"${TARGET_BUILD_DIR}/${FRAMEWORKS_FOLDER_PATH}/libbson-1.0.dylib",
				"${TARGET_BUILD_DIR}/${FRAMEWORKS_FOLDER_PATH}/libbson-1.0.0.dylib",
				"${TARGET_BUILD_DIR}/${FRAMEWORKS_FOLDER_PATH}/MongoSwiftMobile.framework",
				"${TARGET_BUILD_DIR}/${FRAMEWORKS_FOLDER_PATH}/StitchCore.framework",
				"${TARGET_BUILD_DIR}/${FRAMEWORKS_FOLDER_PATH}/StitchCoreRemoteMongoDBService.framework",
				"${TARGET_BUILD_DIR}/${FRAMEWORKS_FOLDER_PATH}/StitchCoreSDK.framework",
				"${TARGET_BUILD_DIR}/${FRAMEWORKS_FOLDER_PATH}/StitchRemoteMongoDBService.framework",
				"${TARGET_BUILD_DIR}/${FRAMEWORKS_FOLDER_PATH}/nanopb.framework",
			);
			runOnlyForDeploymentPostprocessing = 0;
			shellPath = /bin/sh;
			shellScript = "\"${SRCROOT}/Pods/Target Support Files/Pods-MongoDBSample/Pods-MongoDBSample-frameworks.sh\"\n";
			showEnvVarsInLog = 0;
		};
		899CE9F9139C6F9B371F4145 /* [CP] Check Pods Manifest.lock */ = {
			isa = PBXShellScriptBuildPhase;
			buildActionMask = 2147483647;
			files = (
			);
			inputPaths = (
				"${PODS_PODFILE_DIR_PATH}/Podfile.lock",
				"${PODS_ROOT}/Manifest.lock",
			);
			name = "[CP] Check Pods Manifest.lock";
			outputPaths = (
				"$(DERIVED_FILE_DIR)/Pods-MongoDBSample-checkManifestLockResult.txt",
			);
			runOnlyForDeploymentPostprocessing = 0;
			shellPath = /bin/sh;
			shellScript = "diff \"${PODS_PODFILE_DIR_PATH}/Podfile.lock\" \"${PODS_ROOT}/Manifest.lock\" > /dev/null\nif [ $? != 0 ] ; then\n    # print error to STDERR\n    echo \"error: The sandbox is not in sync with the Podfile.lock. Run 'pod install' or update your CocoaPods installation.\" >&2\n    exit 1\nfi\n# This output is used by Xcode 'outputs' to avoid re-running this script phase.\necho \"SUCCESS\" > \"${SCRIPT_OUTPUT_FILE_0}\"\n";
			showEnvVarsInLog = 0;
		};
		C50E9F84BC26EB3AC1AEABAB /* [CP] Copy Pods Resources */ = {
			isa = PBXShellScriptBuildPhase;
			buildActionMask = 2147483647;
			files = (
			);
			inputPaths = (
				"${SRCROOT}/Pods/Target Support Files/Pods-MongoDBSample/Pods-MongoDBSample-resources.sh",
				"${PODS_ROOT}/GoogleSignIn/Resources/GoogleSignIn.bundle",
			);
			name = "[CP] Copy Pods Resources";
			outputPaths = (
				"${TARGET_BUILD_DIR}/${UNLOCALIZED_RESOURCES_FOLDER_PATH}/GoogleSignIn.bundle",
			);
			runOnlyForDeploymentPostprocessing = 0;
			shellPath = /bin/sh;
			shellScript = "\"${SRCROOT}/Pods/Target Support Files/Pods-MongoDBSample/Pods-MongoDBSample-resources.sh\"\n";
			showEnvVarsInLog = 0;
		};
/* End PBXShellScriptBuildPhase section */

/* Begin PBXSourcesBuildPhase section */
		367E0C4E1E4428BE00EE2C00 /* Sources */ = {
			isa = PBXSourcesBuildPhase;
			buildActionMask = 2147483647;
			files = (
				369D1E4E1E6AF64D00ADE4DB /* TodoItemTableViewCell.swift in Sources */,
				369D1E4C1E6AF64D00ADE4DB /* TodoListViewController.swift in Sources */,
				3661C1831E6E09310081530D /* CheckBox.swift in Sources */,
				369D1E481E6AF62B00ADE4DB /* AuthenticationViewController.swift in Sources */,
				369D1E4D1E6AF64D00ADE4DB /* TodoItem.swift in Sources */,
				36B1D4931EE36F88006B15B7 /* EmailAuthViewController.swift in Sources */,
				367E0C971E45D43B00EE2C00 /* AppDelegate.swift in Sources */,
			);
			runOnlyForDeploymentPostprocessing = 0;
		};
/* End PBXSourcesBuildPhase section */

/* Begin PBXVariantGroup section */
		367E0C701E4429BA00EE2C00 /* LaunchScreen.storyboard */ = {
			isa = PBXVariantGroup;
			children = (
				367E0C711E4429BA00EE2C00 /* Base */,
			);
			name = LaunchScreen.storyboard;
			sourceTree = "<group>";
		};
		367E0C721E4429BA00EE2C00 /* Main.storyboard */ = {
			isa = PBXVariantGroup;
			children = (
				367E0C731E4429BA00EE2C00 /* Base */,
			);
			name = Main.storyboard;
			sourceTree = "<group>";
		};
/* End PBXVariantGroup section */

/* Begin XCBuildConfiguration section */
		367E0C621E4428BE00EE2C00 /* Debug */ = {
			isa = XCBuildConfiguration;
			buildSettings = {
				ALWAYS_SEARCH_USER_PATHS = NO;
				CLANG_ANALYZER_NONNULL = YES;
				CLANG_CXX_LANGUAGE_STANDARD = "gnu++0x";
				CLANG_CXX_LIBRARY = "libc++";
				CLANG_ENABLE_MODULES = YES;
				CLANG_ENABLE_OBJC_ARC = YES;
				CLANG_WARN_BOOL_CONVERSION = YES;
				CLANG_WARN_CONSTANT_CONVERSION = YES;
				CLANG_WARN_DIRECT_OBJC_ISA_USAGE = YES_ERROR;
				CLANG_WARN_DOCUMENTATION_COMMENTS = YES;
				CLANG_WARN_EMPTY_BODY = YES;
				CLANG_WARN_ENUM_CONVERSION = YES;
				CLANG_WARN_INFINITE_RECURSION = YES;
				CLANG_WARN_INT_CONVERSION = YES;
				CLANG_WARN_OBJC_ROOT_CLASS = YES_ERROR;
				CLANG_WARN_SUSPICIOUS_MOVE = YES;
				CLANG_WARN_UNREACHABLE_CODE = YES;
				CLANG_WARN__DUPLICATE_METHOD_MATCH = YES;
				"CODE_SIGN_IDENTITY[sdk=iphoneos*]" = "iPhone Developer";
				COPY_PHASE_STRIP = NO;
				DEBUG_INFORMATION_FORMAT = dwarf;
				ENABLE_STRICT_OBJC_MSGSEND = YES;
				ENABLE_TESTABILITY = YES;
				GCC_C_LANGUAGE_STANDARD = gnu99;
				GCC_DYNAMIC_NO_PIC = NO;
				GCC_NO_COMMON_BLOCKS = YES;
				GCC_OPTIMIZATION_LEVEL = 0;
				GCC_PREPROCESSOR_DEFINITIONS = (
					"DEBUG=1",
					"$(inherited)",
				);
				GCC_WARN_64_TO_32_BIT_CONVERSION = YES;
				GCC_WARN_ABOUT_RETURN_TYPE = YES_ERROR;
				GCC_WARN_UNDECLARED_SELECTOR = YES;
				GCC_WARN_UNINITIALIZED_AUTOS = YES_AGGRESSIVE;
				GCC_WARN_UNUSED_FUNCTION = YES;
				GCC_WARN_UNUSED_VARIABLE = YES;
				IPHONEOS_DEPLOYMENT_TARGET = 10.2;
				MTL_ENABLE_DEBUG_INFO = YES;
				ONLY_ACTIVE_ARCH = YES;
				SDKROOT = iphoneos;
				SWIFT_ACTIVE_COMPILATION_CONDITIONS = DEBUG;
				SWIFT_OPTIMIZATION_LEVEL = "-Onone";
			};
			name = Debug;
		};
		367E0C631E4428BE00EE2C00 /* Release */ = {
			isa = XCBuildConfiguration;
			buildSettings = {
				ALWAYS_SEARCH_USER_PATHS = NO;
				CLANG_ANALYZER_NONNULL = YES;
				CLANG_CXX_LANGUAGE_STANDARD = "gnu++0x";
				CLANG_CXX_LIBRARY = "libc++";
				CLANG_ENABLE_MODULES = YES;
				CLANG_ENABLE_OBJC_ARC = YES;
				CLANG_WARN_BOOL_CONVERSION = YES;
				CLANG_WARN_CONSTANT_CONVERSION = YES;
				CLANG_WARN_DIRECT_OBJC_ISA_USAGE = YES_ERROR;
				CLANG_WARN_DOCUMENTATION_COMMENTS = YES;
				CLANG_WARN_EMPTY_BODY = YES;
				CLANG_WARN_ENUM_CONVERSION = YES;
				CLANG_WARN_INFINITE_RECURSION = YES;
				CLANG_WARN_INT_CONVERSION = YES;
				CLANG_WARN_OBJC_ROOT_CLASS = YES_ERROR;
				CLANG_WARN_SUSPICIOUS_MOVE = YES;
				CLANG_WARN_UNREACHABLE_CODE = YES;
				CLANG_WARN__DUPLICATE_METHOD_MATCH = YES;
				"CODE_SIGN_IDENTITY[sdk=iphoneos*]" = "iPhone Developer";
				COPY_PHASE_STRIP = NO;
				DEBUG_INFORMATION_FORMAT = "dwarf-with-dsym";
				ENABLE_NS_ASSERTIONS = NO;
				ENABLE_STRICT_OBJC_MSGSEND = YES;
				GCC_C_LANGUAGE_STANDARD = gnu99;
				GCC_NO_COMMON_BLOCKS = YES;
				GCC_WARN_64_TO_32_BIT_CONVERSION = YES;
				GCC_WARN_ABOUT_RETURN_TYPE = YES_ERROR;
				GCC_WARN_UNDECLARED_SELECTOR = YES;
				GCC_WARN_UNINITIALIZED_AUTOS = YES_AGGRESSIVE;
				GCC_WARN_UNUSED_FUNCTION = YES;
				GCC_WARN_UNUSED_VARIABLE = YES;
				IPHONEOS_DEPLOYMENT_TARGET = 10.2;
				MTL_ENABLE_DEBUG_INFO = NO;
				SDKROOT = iphoneos;
				SWIFT_OPTIMIZATION_LEVEL = "-Owholemodule";
				VALIDATE_PRODUCT = YES;
			};
			name = Release;
		};
		367E0C651E4428BE00EE2C00 /* Debug */ = {
			isa = XCBuildConfiguration;
			baseConfigurationReference = 45713EA09324062197D8A670 /* Pods-MongoDBSample.debug.xcconfig */;
			buildSettings = {
				ASSETCATALOG_COMPILER_APPICON_NAME = AppIcon;
				CLANG_ENABLE_MODULES = YES;
				"CODE_SIGN_IDENTITY[sdk=iphoneos*]" = "iPhone Developer";
				DEVELOPMENT_TEAM = KKJ5R7PP2E;
				FRAMEWORK_SEARCH_PATHS = "$(inherited)";
				INFOPLIST_FILE = MongoDBSample/Resources/Info.plist;
				IPHONEOS_DEPLOYMENT_TARGET = 11.0;
				LD_RUNPATH_SEARCH_PATHS = "$(inherited) @executable_path/Frameworks";
				OTHER_LDFLAGS = (
					"$(inherited)",
					"-ObjC",
					"-l\"c++\"",
					"-l\"sqlite3\"",
					"-l\"z\"",
					"-framework",
					"\"Bolts\"",
					"-framework",
					"\"CoreText\"",
					"-framework",
					"\"FBSDKCoreKit\"",
					"-framework",
					"\"FBSDKLoginKit\"",
					"-framework",
					"\"FacebookCore\"",
					"-framework",
					"\"FacebookLogin\"",
					"-framework",
					"\"FirebaseAnalytics\"",
					"-framework",
					"\"FirebaseCore\"",
					"-framework",
					"\"FirebaseCoreDiagnostics\"",
					"-framework",
					"\"FirebaseInstanceID\"",
					"-framework",
					"\"FirebaseNanoPB\"",
					"-framework",
					"\"Foundation\"",
					"-framework",
					"\"GTMOAuth2\"",
					"-framework",
					"\"GTMSessionFetcher\"",
					"-framework",
					"\"GoogleSignIn\"",
					"-framework",
					"\"GoogleToolboxForMac\"",
					"-framework",
					"\"MongoSwiftMobile\"",
					"-framework",
					"\"SafariServices\"",
					"-framework",
					"\"Security\"",
					"-framework",
					"\"StitchCore\"",
					"-framework",
					"\"StitchCoreRemoteMongoDBService\"",
					"-framework",
					"\"StitchCoreSDK\"",
					"-framework",
					"\"StitchRemoteMongoDBService\"",
					"-framework",
					"\"StoreKit\"",
					"-framework",
					"\"SystemConfiguration\"",
					"-framework",
					"\"nanopb\"",
					"-framework",
					"\"GoogleSignIn\"",
				);
				PRODUCT_BUNDLE_IDENTIFIER = com.mongo.MongoDBSample;
				PRODUCT_NAME = "$(TARGET_NAME)";
				PROVISIONING_PROFILE = "a1c88464-0500-4831-82f5-76f96cf8af1d";
				PROVISIONING_PROFILE_SPECIFIER = ZemingoTeamDevProfile;
				SWIFT_OBJC_BRIDGING_HEADER = "MongoDBSample/Classes/BridgingHeader/MongoDBSample-Bridging-Header.h";
				SWIFT_OPTIMIZATION_LEVEL = "-Onone";
				SWIFT_VERSION = 4.0;
			};
			name = Debug;
		};
		367E0C661E4428BE00EE2C00 /* Release */ = {
			isa = XCBuildConfiguration;
			baseConfigurationReference = 28C33C2ABF9BE58E6A60CA80 /* Pods-MongoDBSample.release.xcconfig */;
			buildSettings = {
				ASSETCATALOG_COMPILER_APPICON_NAME = AppIcon;
				CLANG_ENABLE_MODULES = YES;
				DEVELOPMENT_TEAM = "";
				FRAMEWORK_SEARCH_PATHS = "$(inherited)";
				INFOPLIST_FILE = MongoDBSample/Resources/Info.plist;
				IPHONEOS_DEPLOYMENT_TARGET = 11.0;
				LD_RUNPATH_SEARCH_PATHS = "$(inherited) @executable_path/Frameworks";
				PRODUCT_BUNDLE_IDENTIFIER = com.mongo.MongoDBSample;
				PRODUCT_NAME = "$(TARGET_NAME)";
				SWIFT_OBJC_BRIDGING_HEADER = "MongoDBSample/Classes/BridgingHeader/MongoDBSample-Bridging-Header.h";
				SWIFT_VERSION = 4.0;
			};
			name = Release;
		};
/* End XCBuildConfiguration section */

/* Begin XCConfigurationList section */
		367E0C4D1E4428BE00EE2C00 /* Build configuration list for PBXProject "MongoDBSample" */ = {
			isa = XCConfigurationList;
			buildConfigurations = (
				367E0C621E4428BE00EE2C00 /* Debug */,
				367E0C631E4428BE00EE2C00 /* Release */,
			);
			defaultConfigurationIsVisible = 0;
			defaultConfigurationName = Release;
		};
		367E0C641E4428BE00EE2C00 /* Build configuration list for PBXNativeTarget "MongoDBSample" */ = {
			isa = XCConfigurationList;
			buildConfigurations = (
				367E0C651E4428BE00EE2C00 /* Debug */,
				367E0C661E4428BE00EE2C00 /* Release */,
			);
			defaultConfigurationIsVisible = 0;
			defaultConfigurationName = Release;
		};
/* End XCConfigurationList section */
	};
	rootObject = 367E0C4A1E4428BE00EE2C00 /* Project object */;
}
