<?xml version="1.0" encoding="UTF-8"?>
<Scheme
   LastUpgradeVersion = "0820"
   version = "1.3">
   <BuildAction
      parallelizeBuildables = "NO"
      buildImplicitDependencies = "YES">
      <BuildActionEntries>
         <BuildActionEntry
            buildForTesting = "YES"
            buildForRunning = "YES"
            buildForProfiling = "YES"
            buildForArchiving = "YES"
            buildForAnalyzing = "YES">
            <BuildableReference
               BuildableIdentifier = "primary"
               BlueprintIdentifier = "3685F3C61E82FD23001DFDD7"
               BuildableName = "MongoBaasSDKLogger.framework"
               BlueprintName = "MongoBaasSDKLogger"
               ReferencedContainer = "container:SoLoMoSample/MongoSdk/mongo-baas-core-ios/MongoBaasSDKLogger/MongoBaasSDKLogger.xcodeproj">
            </BuildableReference>
         </BuildActionEntry>
         <BuildActionEntry
            buildForTesting = "YES"
            buildForRunning = "YES"
            buildForProfiling = "YES"
            buildForArchiving = "YES"
            buildForAnalyzing = "YES">
            <BuildableReference
               BuildableIdentifier = "primary"
               BlueprintIdentifier = "F8111E3219A95C8B0040E7D1"
               BuildableName = "Alamofire.framework"
               BlueprintName = "Alamofire iOS"
               ReferencedContainer = "container:SoLoMoSample/MongoSdk/mongo-baas-core-ios/MongoCore/MongoCore/Frameworks/Alamofire/Alamofire.xcodeproj">
            </BuildableReference>
         </BuildActionEntry>
         <BuildActionEntry
            buildForTesting = "YES"
            buildForRunning = "YES"
            buildForProfiling = "YES"
            buildForArchiving = "YES"
            buildForAnalyzing = "YES">
            <BuildableReference
               BuildableIdentifier = "primary"
               BlueprintIdentifier = "36FA27621E56278300909825"
               BuildableName = "MongoExtendedJson.framework"
               BlueprintName = "MongoExtendedJson"
               ReferencedContainer = "container:SoLoMoSample/MongoSdk/mongo-baas-core-ios/MongoExtendedJson/MongoExtendedJson.xcodeproj">
            </BuildableReference>
         </BuildActionEntry>
         <BuildActionEntry
            buildForTesting = "YES"
            buildForRunning = "YES"
            buildForProfiling = "YES"
            buildForArchiving = "YES"
            buildForAnalyzing = "YES">
            <BuildableReference
               BuildableIdentifier = "primary"
               BlueprintIdentifier = "367E0B0E1E43419500EE2C00"
               BuildableName = "MongoCore.framework"
               BlueprintName = "MongoCore"
               ReferencedContainer = "container:SoLoMoSample/MongoSdk/mongo-baas-core-ios/MongoCore/MongoCore.xcodeproj">
            </BuildableReference>
         </BuildActionEntry>
         <BuildActionEntry
            buildForTesting = "YES"
            buildForRunning = "YES"
            buildForProfiling = "YES"
            buildForArchiving = "YES"
            buildForAnalyzing = "YES">
            <BuildableReference
               BuildableIdentifier = "primary"
               BlueprintIdentifier = "36DA09AF1E4CE78200875C3C"
               BuildableName = "MongoDB.framework"
               BlueprintName = "MongoDB"
               ReferencedContainer = "container:SoLoMoSample/MongoSdk/mongo-baas-core-ios/MongoDB/MongoDB.xcodeproj">
            </BuildableReference>
         </BuildActionEntry>
         <BuildActionEntry
            buildForTesting = "YES"
            buildForRunning = "YES"
            buildForProfiling = "YES"
            buildForArchiving = "YES"
            buildForAnalyzing = "YES">
            <BuildableReference
               BuildableIdentifier = "primary"
               BlueprintIdentifier = "36DD05151E79807600E9A764"
               BuildableName = "MongoBaasODM.framework"
               BlueprintName = "MongoBaasODM"
               ReferencedContainer = "container:SoLoMoSample/MongoSdk/mongo-baas-core-ios/MongoBaasODM/MongoBaasODM.xcodeproj">
            </BuildableReference>
         </BuildActionEntry>
         <BuildActionEntry
            buildForTesting = "YES"
            buildForRunning = "YES"
            buildForProfiling = "YES"
            buildForArchiving = "YES"
            buildForAnalyzing = "YES">
            <BuildableReference
               BuildableIdentifier = "primary"
               BlueprintIdentifier = "2242A1711E683CEF00138678"
               BuildableName = "platespace.app"
               BlueprintName = "SoLoMoSample"
               ReferencedContainer = "container:SoLoMoSample.xcodeproj">
            </BuildableReference>
         </BuildActionEntry>
      </BuildActionEntries>
   </BuildAction>
   <TestAction
      buildConfiguration = "Debug"
      selectedDebuggerIdentifier = "Xcode.DebuggerFoundation.Debugger.LLDB"
      selectedLauncherIdentifier = "Xcode.DebuggerFoundation.Launcher.LLDB"
      shouldUseLaunchSchemeArgsEnv = "YES">
      <Testables>
      </Testables>
      <MacroExpansion>
         <BuildableReference
            BuildableIdentifier = "primary"
            BlueprintIdentifier = "2242A1711E683CEF00138678"
            BuildableName = "platespace.app"
            BlueprintName = "SoLoMoSample"
            ReferencedContainer = "container:SoLoMoSample.xcodeproj">
         </BuildableReference>
      </MacroExpansion>
      <AdditionalOptions>
      </AdditionalOptions>
   </TestAction>
   <LaunchAction
      buildConfiguration = "Debug"
      selectedDebuggerIdentifier = "Xcode.DebuggerFoundation.Debugger.LLDB"
      selectedLauncherIdentifier = "Xcode.DebuggerFoundation.Launcher.LLDB"
      launchStyle = "0"
      useCustomWorkingDirectory = "NO"
      ignoresPersistentStateOnLaunch = "NO"
      debugDocumentVersioning = "YES"
      debugServiceExtension = "internal"
      allowLocationSimulation = "YES">
      <BuildableProductRunnable
         runnableDebuggingMode = "0">
         <BuildableReference
            BuildableIdentifier = "primary"
            BlueprintIdentifier = "2242A1711E683CEF00138678"
            BuildableName = "platespace.app"
            BlueprintName = "SoLoMoSample"
            ReferencedContainer = "container:SoLoMoSample.xcodeproj">
         </BuildableReference>
      </BuildableProductRunnable>
      <AdditionalOptions>
      </AdditionalOptions>
   </LaunchAction>
   <ProfileAction
      buildConfiguration = "Release"
      shouldUseLaunchSchemeArgsEnv = "YES"
      savedToolIdentifier = ""
      useCustomWorkingDirectory = "NO"
      debugDocumentVersioning = "YES">
      <BuildableProductRunnable
         runnableDebuggingMode = "0">
         <BuildableReference
            BuildableIdentifier = "primary"
            BlueprintIdentifier = "2242A1711E683CEF00138678"
            BuildableName = "platespace.app"
            BlueprintName = "SoLoMoSample"
            ReferencedContainer = "container:SoLoMoSample.xcodeproj">
         </BuildableReference>
      </BuildableProductRunnable>
   </ProfileAction>
   <AnalyzeAction
      buildConfiguration = "Debug">
   </AnalyzeAction>
   <ArchiveAction
      buildConfiguration = "Release"
      revealArchiveInOrganizer = "YES">
   </ArchiveAction>
</Scheme>
