// !$*UTF8*$!
{
	archiveVersion = 1;
	classes = {
	};
	objectVersion = 46;
	objects = {

/* Begin PBXBuildFile section */
		0688B97B1EE402C400B7307E /* String+ValidateFields.swift in Sources */ = {isa = PBXBuildFile; fileRef = 0688B97A1EE402C400B7307E /* String+ValidateFields.swift */; };
		0688B98D1EE41B2300B7307E /* DeepLinkingManager.swift in Sources */ = {isa = PBXBuildFile; fileRef = 0688B98C1EE41B2300B7307E /* DeepLinkingManager.swift */; };
		06A9BD831EC0918E00370FF4 /* RestaurantLocation.swift in Sources */ = {isa = PBXBuildFile; fileRef = 06A9BD821EC0918E00370FF4 /* RestaurantLocation.swift */; };
		06A9BD891EC0973C00370FF4 /* RestaurantLocationMetaDataImp.swift in Sources */ = {isa = PBXBuildFile; fileRef = 06A9BD881EC0973C00370FF4 /* RestaurantLocationMetaDataImp.swift */; };
		06A9BD951EC1C1DB00370FF4 /* UIViewController+AlertPresentor.swift in Sources */ = {isa = PBXBuildFile; fileRef = 06A9BD941EC1C1DB00370FF4 /* UIViewController+AlertPresentor.swift */; };
		06AF6ABD1ED444AB00A74D73 /* ReviewsFlowManager.swift in Sources */ = {isa = PBXBuildFile; fileRef = 06AF6ABC1ED444AB00A74D73 /* ReviewsFlowManager.swift */; };
		06CAAB621EC03CB900037726 /* SplashViewController.swift in Sources */ = {isa = PBXBuildFile; fileRef = 06CAAB611EC03CB800037726 /* SplashViewController.swift */; };
		06CAAB661EC06A3B00037726 /* RestaurantMetaDataImp.swift in Sources */ = {isa = PBXBuildFile; fileRef = 06CAAB651EC06A3B00037726 /* RestaurantMetaDataImp.swift */; };
		06CAAB681EC06D8E00037726 /* OpeningHours.swift in Sources */ = {isa = PBXBuildFile; fileRef = 06CAAB671EC06D8E00037726 /* OpeningHours.swift */; };
		06CAAB6F1EC07EF500037726 /* OpeningHoursMetaDataImp.swift in Sources */ = {isa = PBXBuildFile; fileRef = 06CAAB6E1EC07EF500037726 /* OpeningHoursMetaDataImp.swift */; };
		06CAAB711EC07FDA00037726 /* Attributes.swift in Sources */ = {isa = PBXBuildFile; fileRef = 06CAAB701EC07FDA00037726 /* Attributes.swift */; };
		06CAAB731EC0809F00037726 /* AttributesMetaDataImp.swift in Sources */ = {isa = PBXBuildFile; fileRef = 06CAAB721EC0809F00037726 /* AttributesMetaDataImp.swift */; };
		06CAAB751EC0896300037726 /* RestaurantAnnotation.swift in Sources */ = {isa = PBXBuildFile; fileRef = 06CAAB741EC0896300037726 /* RestaurantAnnotation.swift */; };
		06DED2BE1EC1DE68004F8F69 /* ReviewMetaDataImp.swift in Sources */ = {isa = PBXBuildFile; fileRef = 06DED2BD1EC1DE68004F8F69 /* ReviewMetaDataImp.swift */; };
		2203CDA61E754FC0008E49AE /* RestaurantMainInfoTableViewCell.swift in Sources */ = {isa = PBXBuildFile; fileRef = 2203CDA51E754FC0008E49AE /* RestaurantMainInfoTableViewCell.swift */; };
		2233C5B51E6D8E2500148041 /* RestaurantTableViewCell.swift in Sources */ = {isa = PBXBuildFile; fileRef = 2233C5B41E6D8E2500148041 /* RestaurantTableViewCell.swift */; };
		2233C5B91E6D95B700148041 /* NSObject+StringFromClass.swift in Sources */ = {isa = PBXBuildFile; fileRef = 2233C5B81E6D95B700148041 /* NSObject+StringFromClass.swift */; };
		223B9FCD1E77F2A600D17034 /* UIViewController+LoadingView.swift in Sources */ = {isa = PBXBuildFile; fileRef = 223B9FCC1E77F2A600D17034 /* UIViewController+LoadingView.swift */; };
		2242A1761E683CEF00138678 /* AppDelegate.swift in Sources */ = {isa = PBXBuildFile; fileRef = 2242A1751E683CEF00138678 /* AppDelegate.swift */; };
		2242A17B1E683CEF00138678 /* Main.storyboard in Resources */ = {isa = PBXBuildFile; fileRef = 2242A1791E683CEF00138678 /* Main.storyboard */; };
		2242A17D1E683CEF00138678 /* Assets.xcassets in Resources */ = {isa = PBXBuildFile; fileRef = 2242A17C1E683CEF00138678 /* Assets.xcassets */; };
		2242A1801E683CEF00138678 /* LaunchScreen.storyboard in Resources */ = {isa = PBXBuildFile; fileRef = 2242A17E1E683CEF00138678 /* LaunchScreen.storyboard */; };
		2242A1881E683D2200138678 /* LoginViewController.swift in Sources */ = {isa = PBXBuildFile; fileRef = 2242A1871E683D2200138678 /* LoginViewController.swift */; };
		2245F4741E756E5B0095B9F7 /* Review.swift in Sources */ = {isa = PBXBuildFile; fileRef = 2245F4731E756E5B0095B9F7 /* Review.swift */; };
		2245F4781E7581020095B9F7 /* RestaurantAdditionalInfoTabelViewcell.swift in Sources */ = {isa = PBXBuildFile; fileRef = 2245F4771E7581020095B9F7 /* RestaurantAdditionalInfoTabelViewcell.swift */; };
		228780541E7AF52500275B5A /* Int+PhonePresentation.swift in Sources */ = {isa = PBXBuildFile; fileRef = 228780531E7AF52500275B5A /* Int+PhonePresentation.swift */; };
		229109631EF012F800C06349 /* MongoDBManager.swift in Sources */ = {isa = PBXBuildFile; fileRef = 229109621EF012F800C06349 /* MongoDBManager.swift */; };
		229AFD871E6ECC8A00AA09A3 /* LocationManager.swift in Sources */ = {isa = PBXBuildFile; fileRef = 229AFD861E6ECC8A00AA09A3 /* LocationManager.swift */; };
		229AFD891E6EEA3A00AA09A3 /* MapViewController.swift in Sources */ = {isa = PBXBuildFile; fileRef = 229AFD881E6EEA3A00AA09A3 /* MapViewController.swift */; };
		229F32AD1E6C717A00934A92 /* RestaurantListViewController.swift in Sources */ = {isa = PBXBuildFile; fileRef = 229F32AC1E6C717A00934A92 /* RestaurantListViewController.swift */; };
		22A863C91E76A9AD00A13BF9 /* RateNowTableViewCell.swift in Sources */ = {isa = PBXBuildFile; fileRef = 22A863C81E76A9AD00A13BF9 /* RateNowTableViewCell.swift */; };
		22A863CB1E76C18100A13BF9 /* AddReviewTableViewCell.swift in Sources */ = {isa = PBXBuildFile; fileRef = 22A863CA1E76C18100A13BF9 /* AddReviewTableViewCell.swift */; };
		22A863CD1E76C7F000A13BF9 /* SingleReviewTableViewCell.swift in Sources */ = {isa = PBXBuildFile; fileRef = 22A863CC1E76C7F000A13BF9 /* SingleReviewTableViewCell.swift */; };
		22A863CF1E76E66400A13BF9 /* CreateReviewViewController.swift in Sources */ = {isa = PBXBuildFile; fileRef = 22A863CE1E76E66400A13BF9 /* CreateReviewViewController.swift */; };
		22E152041E71A388009EDE2D /* UIViewController+ChildHandling.swift in Sources */ = {isa = PBXBuildFile; fileRef = 22E152031E71A388009EDE2D /* UIViewController+ChildHandling.swift */; };
		22E152071E71B639009EDE2D /* SingleRestaurantViewController.swift in Sources */ = {isa = PBXBuildFile; fileRef = 22E152061E71B639009EDE2D /* SingleRestaurantViewController.swift */; };
		22EE010C1E700FBE0048E8B5 /* Restaurant.swift in Sources */ = {isa = PBXBuildFile; fileRef = 22EE010B1E700FBE0048E8B5 /* Restaurant.swift */; };
		22EE01121E7052AA0048E8B5 /* RestaurantFilter.swift in Sources */ = {isa = PBXBuildFile; fileRef = 22EE01111E7052AA0048E8B5 /* RestaurantFilter.swift */; };
		22EE01151E7054C10048E8B5 /* RestaurantFilterViewController.swift in Sources */ = {isa = PBXBuildFile; fileRef = 22EE01141E7054C10048E8B5 /* RestaurantFilterViewController.swift */; };
		22EE01171E7059980048E8B5 /* FilterCategoryTableViewCell.swift in Sources */ = {isa = PBXBuildFile; fileRef = 22EE01161E7059980048E8B5 /* FilterCategoryTableViewCell.swift */; };
		22EE01191E7059FE0048E8B5 /* ActionsTableViewCell.swift in Sources */ = {isa = PBXBuildFile; fileRef = 22EE01181E7059FE0048E8B5 /* ActionsTableViewCell.swift */; };
		22EF333B1EF291FC00E9CBD6 /* SoLoMoSample-Info.plist in Resources */ = {isa = PBXBuildFile; fileRef = 22EF333A1EF291FC00E9CBD6 /* SoLoMoSample-Info.plist */; };
		77200394B0E2D8CDC742C09C /* Pods_SoLoMoSample.framework in Frameworks */ = {isa = PBXBuildFile; fileRef = 20BA0686F959ADFA7939635E /* Pods_SoLoMoSample.framework */; };
/* End PBXBuildFile section */

/* Begin PBXCopyFilesBuildPhase section */
		06CAAB4D1EBF717700037726 /* Embed Frameworks */ = {
			isa = PBXCopyFilesBuildPhase;
			buildActionMask = 2147483647;
			dstPath = "";
			dstSubfolderSpec = 10;
			files = (
			);
			name = "Embed Frameworks";
			runOnlyForDeploymentPostprocessing = 0;
		};
/* End PBXCopyFilesBuildPhase section */

/* Begin PBXFileReference section */
		0688B97A1EE402C400B7307E /* String+ValidateFields.swift */ = {isa = PBXFileReference; fileEncoding = 4; lastKnownFileType = sourcecode.swift; name = "String+ValidateFields.swift"; path = "Classes/Extensions/String+ValidateFields.swift"; sourceTree = "<group>"; };
		0688B98C1EE41B2300B7307E /* DeepLinkingManager.swift */ = {isa = PBXFileReference; fileEncoding = 4; lastKnownFileType = sourcecode.swift; name = DeepLinkingManager.swift; path = Classes/Managers/DeepLinkingManager.swift; sourceTree = "<group>"; };
		06A9BD821EC0918E00370FF4 /* RestaurantLocation.swift */ = {isa = PBXFileReference; fileEncoding = 4; lastKnownFileType = sourcecode.swift; name = RestaurantLocation.swift; path = Classes/Models/RestaurantLocation.swift; sourceTree = "<group>"; };
		06A9BD881EC0973C00370FF4 /* RestaurantLocationMetaDataImp.swift */ = {isa = PBXFileReference; fileEncoding = 4; lastKnownFileType = sourcecode.swift; name = RestaurantLocationMetaDataImp.swift; path = Classes/Models/RestaurantLocationMetaDataImp.swift; sourceTree = "<group>"; };
		06A9BD941EC1C1DB00370FF4 /* UIViewController+AlertPresentor.swift */ = {isa = PBXFileReference; fileEncoding = 4; lastKnownFileType = sourcecode.swift; name = "UIViewController+AlertPresentor.swift"; path = "Classes/Extensions/UIViewController+AlertPresentor.swift"; sourceTree = "<group>"; };
		06AF6ABC1ED444AB00A74D73 /* ReviewsFlowManager.swift */ = {isa = PBXFileReference; fileEncoding = 4; lastKnownFileType = sourcecode.swift; name = ReviewsFlowManager.swift; path = Classes/Managers/ReviewsFlowManager.swift; sourceTree = "<group>"; };
		06CAAB611EC03CB800037726 /* SplashViewController.swift */ = {isa = PBXFileReference; fileEncoding = 4; lastKnownFileType = sourcecode.swift; name = SplashViewController.swift; path = Classes/Controllers/SplashViewController.swift; sourceTree = "<group>"; };
		06CAAB651EC06A3B00037726 /* RestaurantMetaDataImp.swift */ = {isa = PBXFileReference; fileEncoding = 4; lastKnownFileType = sourcecode.swift; name = RestaurantMetaDataImp.swift; path = Classes/Models/RestaurantMetaDataImp.swift; sourceTree = "<group>"; };
		06CAAB671EC06D8E00037726 /* OpeningHours.swift */ = {isa = PBXFileReference; fileEncoding = 4; lastKnownFileType = sourcecode.swift; name = OpeningHours.swift; path = Classes/Models/OpeningHours.swift; sourceTree = "<group>"; };
		06CAAB6E1EC07EF500037726 /* OpeningHoursMetaDataImp.swift */ = {isa = PBXFileReference; fileEncoding = 4; lastKnownFileType = sourcecode.swift; name = OpeningHoursMetaDataImp.swift; path = Classes/Models/OpeningHoursMetaDataImp.swift; sourceTree = "<group>"; };
		06CAAB701EC07FDA00037726 /* Attributes.swift */ = {isa = PBXFileReference; fileEncoding = 4; lastKnownFileType = sourcecode.swift; name = Attributes.swift; path = Classes/Models/Attributes.swift; sourceTree = "<group>"; };
		06CAAB721EC0809F00037726 /* AttributesMetaDataImp.swift */ = {isa = PBXFileReference; fileEncoding = 4; lastKnownFileType = sourcecode.swift; name = AttributesMetaDataImp.swift; path = Classes/Models/AttributesMetaDataImp.swift; sourceTree = "<group>"; };
		06CAAB741EC0896300037726 /* RestaurantAnnotation.swift */ = {isa = PBXFileReference; fileEncoding = 4; lastKnownFileType = sourcecode.swift; name = RestaurantAnnotation.swift; path = Classes/Models/RestaurantAnnotation.swift; sourceTree = "<group>"; };
		06DED2BD1EC1DE68004F8F69 /* ReviewMetaDataImp.swift */ = {isa = PBXFileReference; fileEncoding = 4; lastKnownFileType = sourcecode.swift; name = ReviewMetaDataImp.swift; path = Classes/Models/ReviewMetaDataImp.swift; sourceTree = "<group>"; };
		20BA0686F959ADFA7939635E /* Pods_SoLoMoSample.framework */ = {isa = PBXFileReference; explicitFileType = wrapper.framework; includeInIndex = 0; path = Pods_SoLoMoSample.framework; sourceTree = BUILT_PRODUCTS_DIR; };
		2203CDA51E754FC0008E49AE /* RestaurantMainInfoTableViewCell.swift */ = {isa = PBXFileReference; fileEncoding = 4; lastKnownFileType = sourcecode.swift; name = RestaurantMainInfoTableViewCell.swift; path = Classes/Controllers/SingleRestaurantViewController/RestaurantMainInfoTableViewCell.swift; sourceTree = "<group>"; };
		2233C5B41E6D8E2500148041 /* RestaurantTableViewCell.swift */ = {isa = PBXFileReference; fileEncoding = 4; lastKnownFileType = sourcecode.swift; name = RestaurantTableViewCell.swift; path = Classes/Controllers/RestaurantListViewController/RestaurantTableViewCell.swift; sourceTree = "<group>"; };
		2233C5B81E6D95B700148041 /* NSObject+StringFromClass.swift */ = {isa = PBXFileReference; fileEncoding = 4; lastKnownFileType = sourcecode.swift; name = "NSObject+StringFromClass.swift"; path = "Classes/Extensions/NSObject+StringFromClass.swift"; sourceTree = "<group>"; };
		223B9FCC1E77F2A600D17034 /* UIViewController+LoadingView.swift */ = {isa = PBXFileReference; fileEncoding = 4; lastKnownFileType = sourcecode.swift; name = "UIViewController+LoadingView.swift"; path = "Classes/Extensions/UIViewController+LoadingView.swift"; sourceTree = "<group>"; };
		2242A1721E683CEF00138678 /* platespace.app */ = {isa = PBXFileReference; explicitFileType = wrapper.application; includeInIndex = 0; path = platespace.app; sourceTree = BUILT_PRODUCTS_DIR; };
		2242A1751E683CEF00138678 /* AppDelegate.swift */ = {isa = PBXFileReference; lastKnownFileType = sourcecode.swift; name = AppDelegate.swift; path = Classes/AppDelegate/AppDelegate.swift; sourceTree = "<group>"; };
		2242A17A1E683CEF00138678 /* Base */ = {isa = PBXFileReference; lastKnownFileType = file.storyboard; name = Base; path = Base.lproj/Main.storyboard; sourceTree = "<group>"; };
		2242A17C1E683CEF00138678 /* Assets.xcassets */ = {isa = PBXFileReference; lastKnownFileType = folder.assetcatalog; path = Assets.xcassets; sourceTree = "<group>"; };
		2242A17F1E683CEF00138678 /* Base */ = {isa = PBXFileReference; lastKnownFileType = file.storyboard; name = Base; path = Base.lproj/LaunchScreen.storyboard; sourceTree = "<group>"; };
		2242A1811E683CEF00138678 /* Info.plist */ = {isa = PBXFileReference; lastKnownFileType = text.plist.xml; path = Info.plist; sourceTree = "<group>"; };
		2242A1871E683D2200138678 /* LoginViewController.swift */ = {isa = PBXFileReference; fileEncoding = 4; lastKnownFileType = sourcecode.swift; name = LoginViewController.swift; path = Classes/Controllers/LoginViewController.swift; sourceTree = "<group>"; };
		2245F4731E756E5B0095B9F7 /* Review.swift */ = {isa = PBXFileReference; fileEncoding = 4; lastKnownFileType = sourcecode.swift; name = Review.swift; path = Classes/Models/Review.swift; sourceTree = "<group>"; };
		2245F4771E7581020095B9F7 /* RestaurantAdditionalInfoTabelViewcell.swift */ = {isa = PBXFileReference; fileEncoding = 4; lastKnownFileType = sourcecode.swift; name = RestaurantAdditionalInfoTabelViewcell.swift; path = Classes/Controllers/SingleRestaurantViewController/RestaurantAdditionalInfoTabelViewcell.swift; sourceTree = "<group>"; };
		228780531E7AF52500275B5A /* Int+PhonePresentation.swift */ = {isa = PBXFileReference; fileEncoding = 4; lastKnownFileType = sourcecode.swift; name = "Int+PhonePresentation.swift"; path = "Classes/Extensions/Int+PhonePresentation.swift"; sourceTree = "<group>"; };
		229109621EF012F800C06349 /* MongoDBManager.swift */ = {isa = PBXFileReference; fileEncoding = 4; lastKnownFileType = sourcecode.swift; name = MongoDBManager.swift; path = Classes/Managers/MongoDBManager.swift; sourceTree = "<group>"; };
		229AFD861E6ECC8A00AA09A3 /* LocationManager.swift */ = {isa = PBXFileReference; fileEncoding = 4; lastKnownFileType = sourcecode.swift; name = LocationManager.swift; path = Classes/Managers/LocationManager.swift; sourceTree = "<group>"; };
		229AFD881E6EEA3A00AA09A3 /* MapViewController.swift */ = {isa = PBXFileReference; fileEncoding = 4; lastKnownFileType = sourcecode.swift; name = MapViewController.swift; path = Classes/Controllers/MapViewController.swift; sourceTree = "<group>"; };
		229F32AC1E6C717A00934A92 /* RestaurantListViewController.swift */ = {isa = PBXFileReference; fileEncoding = 4; lastKnownFileType = sourcecode.swift; name = RestaurantListViewController.swift; path = Classes/Controllers/RestaurantListViewController/RestaurantListViewController.swift; sourceTree = "<group>"; };
		22A863C81E76A9AD00A13BF9 /* RateNowTableViewCell.swift */ = {isa = PBXFileReference; fileEncoding = 4; lastKnownFileType = sourcecode.swift; name = RateNowTableViewCell.swift; path = Classes/Controllers/SingleRestaurantViewController/RateNowTableViewCell.swift; sourceTree = "<group>"; };
		22A863CA1E76C18100A13BF9 /* AddReviewTableViewCell.swift */ = {isa = PBXFileReference; fileEncoding = 4; lastKnownFileType = sourcecode.swift; name = AddReviewTableViewCell.swift; path = Classes/Controllers/SingleRestaurantViewController/AddReviewTableViewCell.swift; sourceTree = "<group>"; };
		22A863CC1E76C7F000A13BF9 /* SingleReviewTableViewCell.swift */ = {isa = PBXFileReference; fileEncoding = 4; lastKnownFileType = sourcecode.swift; name = SingleReviewTableViewCell.swift; path = Classes/Controllers/SingleRestaurantViewController/SingleReviewTableViewCell.swift; sourceTree = "<group>"; };
		22A863CE1E76E66400A13BF9 /* CreateReviewViewController.swift */ = {isa = PBXFileReference; fileEncoding = 4; lastKnownFileType = sourcecode.swift; name = CreateReviewViewController.swift; path = Classes/Controllers/CreateReviewViewController.swift; sourceTree = "<group>"; };
		22E152031E71A388009EDE2D /* UIViewController+ChildHandling.swift */ = {isa = PBXFileReference; fileEncoding = 4; lastKnownFileType = sourcecode.swift; name = "UIViewController+ChildHandling.swift"; path = "Classes/Extensions/UIViewController+ChildHandling.swift"; sourceTree = "<group>"; };
		22E152061E71B639009EDE2D /* SingleRestaurantViewController.swift */ = {isa = PBXFileReference; fileEncoding = 4; lastKnownFileType = sourcecode.swift; name = SingleRestaurantViewController.swift; path = Classes/Controllers/SingleRestaurantViewController/SingleRestaurantViewController.swift; sourceTree = "<group>"; };
		22EE010B1E700FBE0048E8B5 /* Restaurant.swift */ = {isa = PBXFileReference; fileEncoding = 4; lastKnownFileType = sourcecode.swift; name = Restaurant.swift; path = Classes/Models/Restaurant.swift; sourceTree = "<group>"; };
		22EE01111E7052AA0048E8B5 /* RestaurantFilter.swift */ = {isa = PBXFileReference; fileEncoding = 4; lastKnownFileType = sourcecode.swift; name = RestaurantFilter.swift; path = Classes/Models/RestaurantFilter.swift; sourceTree = "<group>"; };
		22EE01141E7054C10048E8B5 /* RestaurantFilterViewController.swift */ = {isa = PBXFileReference; fileEncoding = 4; lastKnownFileType = sourcecode.swift; name = RestaurantFilterViewController.swift; path = Classes/Controllers/RestaurantFilterViewController/RestaurantFilterViewController.swift; sourceTree = "<group>"; };
		22EE01161E7059980048E8B5 /* FilterCategoryTableViewCell.swift */ = {isa = PBXFileReference; fileEncoding = 4; lastKnownFileType = sourcecode.swift; name = FilterCategoryTableViewCell.swift; path = Classes/Controllers/RestaurantFilterViewController/FilterCategoryTableViewCell.swift; sourceTree = "<group>"; };
		22EE01181E7059FE0048E8B5 /* ActionsTableViewCell.swift */ = {isa = PBXFileReference; fileEncoding = 4; lastKnownFileType = sourcecode.swift; name = ActionsTableViewCell.swift; path = Classes/Controllers/RestaurantFilterViewController/ActionsTableViewCell.swift; sourceTree = "<group>"; };
		22EF333A1EF291FC00E9CBD6 /* SoLoMoSample-Info.plist */ = {isa = PBXFileReference; fileEncoding = 4; lastKnownFileType = text.plist.xml; path = "SoLoMoSample-Info.plist"; sourceTree = "<group>"; };
		5C8DA80ADA3CF15F457AD15C /* Pods-SoLoMoSample.release.xcconfig */ = {isa = PBXFileReference; includeInIndex = 1; lastKnownFileType = text.xcconfig; name = "Pods-SoLoMoSample.release.xcconfig"; path = "Pods/Target Support Files/Pods-SoLoMoSample/Pods-SoLoMoSample.release.xcconfig"; sourceTree = "<group>"; };
		E9BDBA0747BA637B1768ADDA /* Pods-SoLoMoSample.debug.xcconfig */ = {isa = PBXFileReference; includeInIndex = 1; lastKnownFileType = text.xcconfig; name = "Pods-SoLoMoSample.debug.xcconfig"; path = "Pods/Target Support Files/Pods-SoLoMoSample/Pods-SoLoMoSample.debug.xcconfig"; sourceTree = "<group>"; };
/* End PBXFileReference section */

/* Begin PBXFrameworksBuildPhase section */
		2242A16F1E683CEF00138678 /* Frameworks */ = {
			isa = PBXFrameworksBuildPhase;
			buildActionMask = 2147483647;
			files = (
				77200394B0E2D8CDC742C09C /* Pods_SoLoMoSample.framework in Frameworks */,
			);
			runOnlyForDeploymentPostprocessing = 0;
		};
/* End PBXFrameworksBuildPhase section */

/* Begin PBXGroup section */
		220641771E7AA8BA004E64D0 /* UITableView cells */ = {
			isa = PBXGroup;
			children = (
				22EE01161E7059980048E8B5 /* FilterCategoryTableViewCell.swift */,
				22EE01181E7059FE0048E8B5 /* ActionsTableViewCell.swift */,
			);
			name = "UITableView cells";
			sourceTree = "<group>";
		};
		2233C5B11E6D8D6F00148041 /* RestaurantListViewController */ = {
			isa = PBXGroup;
			children = (
				229F32AC1E6C717A00934A92 /* RestaurantListViewController.swift */,
				2233C5B41E6D8E2500148041 /* RestaurantTableViewCell.swift */,
			);
			name = RestaurantListViewController;
			sourceTree = "<group>";
		};
		2233C5B71E6D946600148041 /* Extensions */ = {
			isa = PBXGroup;
			children = (
				2233C5B81E6D95B700148041 /* NSObject+StringFromClass.swift */,
				22E152031E71A388009EDE2D /* UIViewController+ChildHandling.swift */,
				223B9FCC1E77F2A600D17034 /* UIViewController+LoadingView.swift */,
				228780531E7AF52500275B5A /* Int+PhonePresentation.swift */,
				06A9BD941EC1C1DB00370FF4 /* UIViewController+AlertPresentor.swift */,
				0688B97A1EE402C400B7307E /* String+ValidateFields.swift */,
			);
			name = Extensions;
			sourceTree = "<group>";
		};
		2242A1691E683CEF00138678 = {
			isa = PBXGroup;
			children = (
				2242A1741E683CEF00138678 /* SoLoMoSample */,
				2242A1731E683CEF00138678 /* Products */,
				5009A6185C5C61512DD5FE17 /* Pods */,
				C84F83AB479BF8DBB5AA5CE6 /* Frameworks */,
			);
			sourceTree = "<group>";
		};
		2242A1731E683CEF00138678 /* Products */ = {
			isa = PBXGroup;
			children = (
				2242A1721E683CEF00138678 /* platespace.app */,
			);
			name = Products;
			sourceTree = "<group>";
		};
		2242A1741E683CEF00138678 /* SoLoMoSample */ = {
			isa = PBXGroup;
			children = (
				2242A1911E683D5700138678 /* Recources */,
				2242A1901E683D4800138678 /* Classes */,
			);
			path = SoLoMoSample;
			sourceTree = "<group>";
		};
		2242A1901E683D4800138678 /* Classes */ = {
			isa = PBXGroup;
			children = (
				224D03711E7A8B07000A443F /* AppDelegate */,
				229AFD8C1E6F11D500AA09A3 /* Models */,
				229AFD851E6ECC6400AA09A3 /* Managers */,
				2233C5B71E6D946600148041 /* Extensions */,
				2242A1921E683D6B00138678 /* Controllers */,
			);
			name = Classes;
			sourceTree = "<group>";
		};
		2242A1911E683D5700138678 /* Recources */ = {
			isa = PBXGroup;
			children = (
				2242A17C1E683CEF00138678 /* Assets.xcassets */,
				2242A1811E683CEF00138678 /* Info.plist */,
				2242A1931E683D7200138678 /* Storyboards */,
				22EF333A1EF291FC00E9CBD6 /* SoLoMoSample-Info.plist */,
			);
			name = Recources;
			sourceTree = "<group>";
		};
		2242A1921E683D6B00138678 /* Controllers */ = {
			isa = PBXGroup;
			children = (
				22E152051E71B5F3009EDE2D /* SingleRestaurantViewController */,
				22EE01131E7054A00048E8B5 /* RestaurantFilterViewController */,
				2233C5B11E6D8D6F00148041 /* RestaurantListViewController */,
				06CAAB611EC03CB800037726 /* SplashViewController.swift */,
				229AFD881E6EEA3A00AA09A3 /* MapViewController.swift */,
				2242A1871E683D2200138678 /* LoginViewController.swift */,
				22A863CE1E76E66400A13BF9 /* CreateReviewViewController.swift */,
			);
			name = Controllers;
			sourceTree = "<group>";
		};
		2242A1931E683D7200138678 /* Storyboards */ = {
			isa = PBXGroup;
			children = (
				2242A1791E683CEF00138678 /* Main.storyboard */,
				2242A17E1E683CEF00138678 /* LaunchScreen.storyboard */,
			);
			name = Storyboards;
			sourceTree = "<group>";
		};
		224D03711E7A8B07000A443F /* AppDelegate */ = {
			isa = PBXGroup;
			children = (
				2242A1751E683CEF00138678 /* AppDelegate.swift */,
			);
			name = AppDelegate;
			sourceTree = "<group>";
		};
		229AFD851E6ECC6400AA09A3 /* Managers */ = {
			isa = PBXGroup;
			children = (
				229AFD861E6ECC8A00AA09A3 /* LocationManager.swift */,
				06AF6ABC1ED444AB00A74D73 /* ReviewsFlowManager.swift */,
				0688B98C1EE41B2300B7307E /* DeepLinkingManager.swift */,
				229109621EF012F800C06349 /* MongoDBManager.swift */,
			);
			name = Managers;
			sourceTree = "<group>";
		};
		229AFD8C1E6F11D500AA09A3 /* Models */ = {
			isa = PBXGroup;
			children = (
				22EE010B1E700FBE0048E8B5 /* Restaurant.swift */,
				06CAAB651EC06A3B00037726 /* RestaurantMetaDataImp.swift */,
				06CAAB671EC06D8E00037726 /* OpeningHours.swift */,
				06CAAB6E1EC07EF500037726 /* OpeningHoursMetaDataImp.swift */,
				06CAAB701EC07FDA00037726 /* Attributes.swift */,
				06CAAB721EC0809F00037726 /* AttributesMetaDataImp.swift */,
				06A9BD821EC0918E00370FF4 /* RestaurantLocation.swift */,
				06A9BD881EC0973C00370FF4 /* RestaurantLocationMetaDataImp.swift */,
				2245F4731E756E5B0095B9F7 /* Review.swift */,
				06DED2BD1EC1DE68004F8F69 /* ReviewMetaDataImp.swift */,
				22EE01111E7052AA0048E8B5 /* RestaurantFilter.swift */,
				06CAAB741EC0896300037726 /* RestaurantAnnotation.swift */,
			);
			name = Models;
			sourceTree = "<group>";
		};
		22A863C71E76A98800A13BF9 /* UITableView cells */ = {
			isa = PBXGroup;
			children = (
				2203CDA51E754FC0008E49AE /* RestaurantMainInfoTableViewCell.swift */,
				2245F4771E7581020095B9F7 /* RestaurantAdditionalInfoTabelViewcell.swift */,
				22A863C81E76A9AD00A13BF9 /* RateNowTableViewCell.swift */,
				22A863CA1E76C18100A13BF9 /* AddReviewTableViewCell.swift */,
				22A863CC1E76C7F000A13BF9 /* SingleReviewTableViewCell.swift */,
			);
			name = "UITableView cells";
			sourceTree = "<group>";
		};
		22E152051E71B5F3009EDE2D /* SingleRestaurantViewController */ = {
			isa = PBXGroup;
			children = (
				22E152061E71B639009EDE2D /* SingleRestaurantViewController.swift */,
				22A863C71E76A98800A13BF9 /* UITableView cells */,
			);
			name = SingleRestaurantViewController;
			sourceTree = "<group>";
		};
		22EE01131E7054A00048E8B5 /* RestaurantFilterViewController */ = {
			isa = PBXGroup;
			children = (
				22EE01141E7054C10048E8B5 /* RestaurantFilterViewController.swift */,
				220641771E7AA8BA004E64D0 /* UITableView cells */,
			);
			name = RestaurantFilterViewController;
			sourceTree = "<group>";
		};
		5009A6185C5C61512DD5FE17 /* Pods */ = {
			isa = PBXGroup;
			children = (
				E9BDBA0747BA637B1768ADDA /* Pods-SoLoMoSample.debug.xcconfig */,
				5C8DA80ADA3CF15F457AD15C /* Pods-SoLoMoSample.release.xcconfig */,
			);
			name = Pods;
			sourceTree = "<group>";
		};
		C84F83AB479BF8DBB5AA5CE6 /* Frameworks */ = {
			isa = PBXGroup;
			children = (
				20BA0686F959ADFA7939635E /* Pods_SoLoMoSample.framework */,
			);
			name = Frameworks;
			sourceTree = "<group>";
		};
/* End PBXGroup section */

/* Begin PBXNativeTarget section */
		2242A1711E683CEF00138678 /* SoLoMoSample */ = {
			isa = PBXNativeTarget;
			buildConfigurationList = 2242A1841E683CEF00138678 /* Build configuration list for PBXNativeTarget "SoLoMoSample" */;
			buildPhases = (
				5CAE66D48A7805F19D3641C9 /* [CP] Check Pods Manifest.lock */,
				2242A16E1E683CEF00138678 /* Sources */,
				2242A16F1E683CEF00138678 /* Frameworks */,
				2242A1701E683CEF00138678 /* Resources */,
				56AD4CD572F582060595B489 /* [CP] Embed Pods Frameworks */,
				1CCD88B6D38F799DA2DE6647 /* [CP] Copy Pods Resources */,
				06CAAB4D1EBF717700037726 /* Embed Frameworks */,
			);
			buildRules = (
			);
			dependencies = (
			);
			name = SoLoMoSample;
			productName = SoLoMoSample;
			productReference = 2242A1721E683CEF00138678 /* platespace.app */;
			productType = "com.apple.product-type.application";
		};
/* End PBXNativeTarget section */

/* Begin PBXProject section */
		2242A16A1E683CEF00138678 /* Project object */ = {
			isa = PBXProject;
			attributes = {
				LastSwiftUpdateCheck = 0820;
				LastUpgradeCheck = 0820;
				ORGANIZATIONNAME = "Miko Halevi";
				TargetAttributes = {
					2242A1711E683CEF00138678 = {
						CreatedOnToolsVersion = 8.2.1;
						DevelopmentTeam = KKJ5R7PP2E;
						ProvisioningStyle = Automatic;
					};
				};
			};
			buildConfigurationList = 2242A16D1E683CEF00138678 /* Build configuration list for PBXProject "SoLoMoSample" */;
			compatibilityVersion = "Xcode 3.2";
			developmentRegion = English;
			hasScannedForEncodings = 0;
			knownRegions = (
				en,
				Base,
			);
			mainGroup = 2242A1691E683CEF00138678;
			productRefGroup = 2242A1731E683CEF00138678 /* Products */;
			projectDirPath = "";
			projectRoot = "";
			targets = (
				2242A1711E683CEF00138678 /* SoLoMoSample */,
			);
		};
/* End PBXProject section */

/* Begin PBXResourcesBuildPhase section */
		2242A1701E683CEF00138678 /* Resources */ = {
			isa = PBXResourcesBuildPhase;
			buildActionMask = 2147483647;
			files = (
				2242A1801E683CEF00138678 /* LaunchScreen.storyboard in Resources */,
				22EF333B1EF291FC00E9CBD6 /* SoLoMoSample-Info.plist in Resources */,
				2242A17D1E683CEF00138678 /* Assets.xcassets in Resources */,
				2242A17B1E683CEF00138678 /* Main.storyboard in Resources */,
			);
			runOnlyForDeploymentPostprocessing = 0;
		};
/* End PBXResourcesBuildPhase section */

/* Begin PBXShellScriptBuildPhase section */
		1CCD88B6D38F799DA2DE6647 /* [CP] Copy Pods Resources */ = {
			isa = PBXShellScriptBuildPhase;
			buildActionMask = 2147483647;
			files = (
			);
			inputPaths = (
			);
			name = "[CP] Copy Pods Resources";
			outputPaths = (
			);
			runOnlyForDeploymentPostprocessing = 0;
			shellPath = /bin/sh;
			shellScript = "\"${SRCROOT}/Pods/Target Support Files/Pods-SoLoMoSample/Pods-SoLoMoSample-resources.sh\"\n";
			showEnvVarsInLog = 0;
		};
		56AD4CD572F582060595B489 /* [CP] Embed Pods Frameworks */ = {
			isa = PBXShellScriptBuildPhase;
			buildActionMask = 2147483647;
			files = (
			);
			inputPaths = (
			);
			name = "[CP] Embed Pods Frameworks";
			outputPaths = (
			);
			runOnlyForDeploymentPostprocessing = 0;
			shellPath = /bin/sh;
			shellScript = "\"${SRCROOT}/Pods/Target Support Files/Pods-SoLoMoSample/Pods-SoLoMoSample-frameworks.sh\"\n";
			showEnvVarsInLog = 0;
		};
		5CAE66D48A7805F19D3641C9 /* [CP] Check Pods Manifest.lock */ = {
			isa = PBXShellScriptBuildPhase;
			buildActionMask = 2147483647;
			files = (
			);
			inputPaths = (
			);
			name = "[CP] Check Pods Manifest.lock";
			outputPaths = (
			);
			runOnlyForDeploymentPostprocessing = 0;
			shellPath = /bin/sh;
			shellScript = "diff \"${PODS_PODFILE_DIR_PATH}/Podfile.lock\" \"${PODS_ROOT}/Manifest.lock\" > /dev/null\nif [ $? != 0 ] ; then\n    # print error to STDERR\n    echo \"error: The sandbox is not in sync with the Podfile.lock. Run 'pod install' or update your CocoaPods installation.\" >&2\n    exit 1\nfi\n";
			showEnvVarsInLog = 0;
		};
/* End PBXShellScriptBuildPhase section */

/* Begin PBXSourcesBuildPhase section */
		2242A16E1E683CEF00138678 /* Sources */ = {
			isa = PBXSourcesBuildPhase;
			buildActionMask = 2147483647;
			files = (
				2233C5B51E6D8E2500148041 /* RestaurantTableViewCell.swift in Sources */,
				22EE01151E7054C10048E8B5 /* RestaurantFilterViewController.swift in Sources */,
				0688B98D1EE41B2300B7307E /* DeepLinkingManager.swift in Sources */,
				06CAAB681EC06D8E00037726 /* OpeningHours.swift in Sources */,
				06CAAB621EC03CB900037726 /* SplashViewController.swift in Sources */,
				228780541E7AF52500275B5A /* Int+PhonePresentation.swift in Sources */,
				2242A1881E683D2200138678 /* LoginViewController.swift in Sources */,
				2245F4781E7581020095B9F7 /* RestaurantAdditionalInfoTabelViewcell.swift in Sources */,
				229AFD871E6ECC8A00AA09A3 /* LocationManager.swift in Sources */,
				229F32AD1E6C717A00934A92 /* RestaurantListViewController.swift in Sources */,
				22EE01191E7059FE0048E8B5 /* ActionsTableViewCell.swift in Sources */,
				0688B97B1EE402C400B7307E /* String+ValidateFields.swift in Sources */,
				22EE01171E7059980048E8B5 /* FilterCategoryTableViewCell.swift in Sources */,
				22A863CF1E76E66400A13BF9 /* CreateReviewViewController.swift in Sources */,
				22E152071E71B639009EDE2D /* SingleRestaurantViewController.swift in Sources */,
				06CAAB6F1EC07EF500037726 /* OpeningHoursMetaDataImp.swift in Sources */,
				06A9BD831EC0918E00370FF4 /* RestaurantLocation.swift in Sources */,
				22A863CB1E76C18100A13BF9 /* AddReviewTableViewCell.swift in Sources */,
				06CAAB661EC06A3B00037726 /* RestaurantMetaDataImp.swift in Sources */,
				22EE010C1E700FBE0048E8B5 /* Restaurant.swift in Sources */,
				2245F4741E756E5B0095B9F7 /* Review.swift in Sources */,
				06A9BD951EC1C1DB00370FF4 /* UIViewController+AlertPresentor.swift in Sources */,
				22E152041E71A388009EDE2D /* UIViewController+ChildHandling.swift in Sources */,
				06A9BD891EC0973C00370FF4 /* RestaurantLocationMetaDataImp.swift in Sources */,
				229109631EF012F800C06349 /* MongoDBManager.swift in Sources */,
				22A863CD1E76C7F000A13BF9 /* SingleReviewTableViewCell.swift in Sources */,
				2203CDA61E754FC0008E49AE /* RestaurantMainInfoTableViewCell.swift in Sources */,
				22A863C91E76A9AD00A13BF9 /* RateNowTableViewCell.swift in Sources */,
				223B9FCD1E77F2A600D17034 /* UIViewController+LoadingView.swift in Sources */,
				2242A1761E683CEF00138678 /* AppDelegate.swift in Sources */,
				06CAAB751EC0896300037726 /* RestaurantAnnotation.swift in Sources */,
				22EE01121E7052AA0048E8B5 /* RestaurantFilter.swift in Sources */,
				2233C5B91E6D95B700148041 /* NSObject+StringFromClass.swift in Sources */,
				06CAAB711EC07FDA00037726 /* Attributes.swift in Sources */,
				06DED2BE1EC1DE68004F8F69 /* ReviewMetaDataImp.swift in Sources */,
				06CAAB731EC0809F00037726 /* AttributesMetaDataImp.swift in Sources */,
				229AFD891E6EEA3A00AA09A3 /* MapViewController.swift in Sources */,
				06AF6ABD1ED444AB00A74D73 /* ReviewsFlowManager.swift in Sources */,
			);
			runOnlyForDeploymentPostprocessing = 0;
		};
/* End PBXSourcesBuildPhase section */

/* Begin PBXVariantGroup section */
		2242A1791E683CEF00138678 /* Main.storyboard */ = {
			isa = PBXVariantGroup;
			children = (
				2242A17A1E683CEF00138678 /* Base */,
			);
			name = Main.storyboard;
			sourceTree = "<group>";
		};
		2242A17E1E683CEF00138678 /* LaunchScreen.storyboard */ = {
			isa = PBXVariantGroup;
			children = (
				2242A17F1E683CEF00138678 /* Base */,
			);
			name = LaunchScreen.storyboard;
			sourceTree = "<group>";
		};
/* End PBXVariantGroup section */

/* Begin XCBuildConfiguration section */
		2242A1821E683CEF00138678 /* Debug */ = {
			isa = XCBuildConfiguration;
			buildSettings = {
				ALWAYS_SEARCH_USER_PATHS = NO;
				CLANG_ANALYZER_NONNULL = YES;
				CLANG_CXX_LANGUAGE_STANDARD = "gnu++0x";
				CLANG_CXX_LIBRARY = "libc++";
				CLANG_ENABLE_MODULES = YES;
				CLANG_ENABLE_OBJC_ARC = YES;
				CLANG_WARN_BOOL_CONVERSION = YES;
				CLANG_WARN_CONSTANT_CONVERSION = YES;
				CLANG_WARN_DIRECT_OBJC_ISA_USAGE = YES_ERROR;
				CLANG_WARN_DOCUMENTATION_COMMENTS = YES;
				CLANG_WARN_EMPTY_BODY = YES;
				CLANG_WARN_ENUM_CONVERSION = YES;
				CLANG_WARN_INFINITE_RECURSION = YES;
				CLANG_WARN_INT_CONVERSION = YES;
				CLANG_WARN_OBJC_ROOT_CLASS = YES_ERROR;
				CLANG_WARN_SUSPICIOUS_MOVE = YES;
				CLANG_WARN_UNREACHABLE_CODE = YES;
				CLANG_WARN__DUPLICATE_METHOD_MATCH = YES;
				"CODE_SIGN_IDENTITY[sdk=iphoneos*]" = "iPhone Developer";
				COPY_PHASE_STRIP = NO;
				DEBUG_INFORMATION_FORMAT = dwarf;
				ENABLE_STRICT_OBJC_MSGSEND = YES;
				ENABLE_TESTABILITY = YES;
				GCC_C_LANGUAGE_STANDARD = gnu99;
				GCC_DYNAMIC_NO_PIC = NO;
				GCC_NO_COMMON_BLOCKS = YES;
				GCC_OPTIMIZATION_LEVEL = 0;
				GCC_PREPROCESSOR_DEFINITIONS = (
					"DEBUG=1",
					"$(inherited)",
				);
				GCC_WARN_64_TO_32_BIT_CONVERSION = YES;
				GCC_WARN_ABOUT_RETURN_TYPE = YES_ERROR;
				GCC_WARN_UNDECLARED_SELECTOR = YES;
				GCC_WARN_UNINITIALIZED_AUTOS = YES_AGGRESSIVE;
				GCC_WARN_UNUSED_FUNCTION = YES;
				GCC_WARN_UNUSED_VARIABLE = YES;
				IPHONEOS_DEPLOYMENT_TARGET = 10.2;
				MTL_ENABLE_DEBUG_INFO = YES;
				ONLY_ACTIVE_ARCH = YES;
				SDKROOT = iphoneos;
				SWIFT_ACTIVE_COMPILATION_CONDITIONS = DEBUG;
				SWIFT_OPTIMIZATION_LEVEL = "-Onone";
			};
			name = Debug;
		};
		2242A1831E683CEF00138678 /* Release */ = {
			isa = XCBuildConfiguration;
			buildSettings = {
				ALWAYS_SEARCH_USER_PATHS = NO;
				CLANG_ANALYZER_NONNULL = YES;
				CLANG_CXX_LANGUAGE_STANDARD = "gnu++0x";
				CLANG_CXX_LIBRARY = "libc++";
				CLANG_ENABLE_MODULES = YES;
				CLANG_ENABLE_OBJC_ARC = YES;
				CLANG_WARN_BOOL_CONVERSION = YES;
				CLANG_WARN_CONSTANT_CONVERSION = YES;
				CLANG_WARN_DIRECT_OBJC_ISA_USAGE = YES_ERROR;
				CLANG_WARN_DOCUMENTATION_COMMENTS = YES;
				CLANG_WARN_EMPTY_BODY = YES;
				CLANG_WARN_ENUM_CONVERSION = YES;
				CLANG_WARN_INFINITE_RECURSION = YES;
				CLANG_WARN_INT_CONVERSION = YES;
				CLANG_WARN_OBJC_ROOT_CLASS = YES_ERROR;
				CLANG_WARN_SUSPICIOUS_MOVE = YES;
				CLANG_WARN_UNREACHABLE_CODE = YES;
				CLANG_WARN__DUPLICATE_METHOD_MATCH = YES;
				"CODE_SIGN_IDENTITY[sdk=iphoneos*]" = "iPhone Developer";
				COPY_PHASE_STRIP = NO;
				DEBUG_INFORMATION_FORMAT = "dwarf-with-dsym";
				ENABLE_NS_ASSERTIONS = NO;
				ENABLE_STRICT_OBJC_MSGSEND = YES;
				GCC_C_LANGUAGE_STANDARD = gnu99;
				GCC_NO_COMMON_BLOCKS = YES;
				GCC_WARN_64_TO_32_BIT_CONVERSION = YES;
				GCC_WARN_ABOUT_RETURN_TYPE = YES_ERROR;
				GCC_WARN_UNDECLARED_SELECTOR = YES;
				GCC_WARN_UNINITIALIZED_AUTOS = YES_AGGRESSIVE;
				GCC_WARN_UNUSED_FUNCTION = YES;
				GCC_WARN_UNUSED_VARIABLE = YES;
				IPHONEOS_DEPLOYMENT_TARGET = 10.2;
				MTL_ENABLE_DEBUG_INFO = NO;
				SDKROOT = iphoneos;
				SWIFT_OPTIMIZATION_LEVEL = "-Owholemodule";
				VALIDATE_PRODUCT = YES;
			};
			name = Release;
		};
		2242A1851E683CEF00138678 /* Debug */ = {
			isa = XCBuildConfiguration;
			baseConfigurationReference = E9BDBA0747BA637B1768ADDA /* Pods-SoLoMoSample.debug.xcconfig */;
			buildSettings = {
				ALWAYS_EMBED_SWIFT_STANDARD_LIBRARIES = YES;
				ASSETCATALOG_COMPILER_APPICON_NAME = AppIcon;
				DEVELOPMENT_TEAM = KKJ5R7PP2E;
				INFOPLIST_FILE = SoLoMoSample/Info.plist;
				IPHONEOS_DEPLOYMENT_TARGET = 9.0;
				LD_RUNPATH_SEARCH_PATHS = "$(inherited) @executable_path/Frameworks";
				PRODUCT_BUNDLE_IDENTIFIER = com.mongodb.SoLoMoSample;
				PRODUCT_NAME = platespace;
				SWIFT_VERSION = 3.0;
			};
			name = Debug;
		};
		2242A1861E683CEF00138678 /* Release */ = {
			isa = XCBuildConfiguration;
			baseConfigurationReference = 5C8DA80ADA3CF15F457AD15C /* Pods-SoLoMoSample.release.xcconfig */;
			buildSettings = {
				ALWAYS_EMBED_SWIFT_STANDARD_LIBRARIES = YES;
				ASSETCATALOG_COMPILER_APPICON_NAME = AppIcon;
				DEVELOPMENT_TEAM = KKJ5R7PP2E;
				INFOPLIST_FILE = SoLoMoSample/Info.plist;
				IPHONEOS_DEPLOYMENT_TARGET = 9.0;
				LD_RUNPATH_SEARCH_PATHS = "$(inherited) @executable_path/Frameworks";
				PRODUCT_BUNDLE_IDENTIFIER = com.mongodb.SoLoMoSample;
				PRODUCT_NAME = platespace;
				SWIFT_VERSION = 3.0;
			};
			name = Release;
		};
/* End XCBuildConfiguration section */

/* Begin XCConfigurationList section */
		2242A16D1E683CEF00138678 /* Build configuration list for PBXProject "SoLoMoSample" */ = {
			isa = XCConfigurationList;
			buildConfigurations = (
				2242A1821E683CEF00138678 /* Debug */,
				2242A1831E683CEF00138678 /* Release */,
			);
			defaultConfigurationIsVisible = 0;
			defaultConfigurationName = Release;
		};
		2242A1841E683CEF00138678 /* Build configuration list for PBXNativeTarget "SoLoMoSample" */ = {
			isa = XCConfigurationList;
			buildConfigurations = (
				2242A1851E683CEF00138678 /* Debug */,
				2242A1861E683CEF00138678 /* Release */,
			);
			defaultConfigurationIsVisible = 0;
			defaultConfigurationName = Release;
		};
/* End XCConfigurationList section */
	};
	rootObject = 2242A16A1E683CEF00138678 /* Project object */;
}
